// !$*UTF8*$!
{
	archiveVersion = 1;
	classes = {
	};
	objectVersion = 70;
	objects = {

/* Begin PBXContainerItemProxy section */
		28000DE62CCFC5B000F938DC /* PBXContainerItemProxy */ = {
			isa = PBXContainerItemProxy;
			containerPortal = 28000DC42CCFC5AE00F938DC /* Project object */;
			proxyType = 1;
			remoteGlobalIDString = 28000DCB2CCFC5AE00F938DC;
			remoteInfo = UsefulAppStark;
		};
		28000DF02CCFC5B000F938DC /* PBXContainerItemProxy */ = {
			isa = PBXContainerItemProxy;
			containerPortal = 28000DC42CCFC5AE00F938DC /* Project object */;
			proxyType = 1;
			remoteGlobalIDString = 28000DCB2CCFC5AE00F938DC;
			remoteInfo = UsefulAppStark;
		};
/* End PBXContainerItemProxy section */

/* Begin PBXFileReference section */
		28000DCC2CCFC5AE00F938DC /* UsefulAppStark.app */ = {isa = PBXFileReference; explicitFileType = wrapper.application; includeInIndex = 0; path = UsefulAppStark.app; sourceTree = BUILT_PRODUCTS_DIR; };
		28000DE52CCFC5B000F938DC /* UsefulAppStarkTests.xctest */ = {isa = PBXFileReference; explicitFileType = wrapper.cfbundle; includeInIndex = 0; path = UsefulAppStarkTests.xctest; sourceTree = BUILT_PRODUCTS_DIR; };
		28000DEF2CCFC5B000F938DC /* UsefulAppStarkUITests.xctest */ = {isa = PBXFileReference; explicitFileType = wrapper.cfbundle; includeInIndex = 0; path = UsefulAppStarkUITests.xctest; sourceTree = BUILT_PRODUCTS_DIR; };
/* End PBXFileReference section */

/* Begin PBXFileSystemSynchronizedBuildFileExceptionSet section */
		28000DF72CCFC5B000F938DC /* PBXFileSystemSynchronizedBuildFileExceptionSet */ = {
			isa = PBXFileSystemSynchronizedBuildFileExceptionSet;
			membershipExceptions = (
				Info.plist,
			);
			target = 28000DCB2CCFC5AE00F938DC /* UsefulAppStark */;
		};
/* End PBXFileSystemSynchronizedBuildFileExceptionSet section */

/* Begin PBXFileSystemSynchronizedRootGroup section */
		28000DCE2CCFC5AE00F938DC /* UsefulAppStark */ = {isa = PBXFileSystemSynchronizedRootGroup; exceptions = (28000DF72CCFC5B000F938DC /* PBXFileSystemSynchronizedBuildFileExceptionSet */, ); explicitFileTypes = {}; explicitFolders = (); path = UsefulAppStark; sourceTree = "<group>"; };
		28000DE82CCFC5B000F938DC /* UsefulAppStarkTests */ = {isa = PBXFileSystemSynchronizedRootGroup; explicitFileTypes = {}; explicitFolders = (); path = UsefulAppStarkTests; sourceTree = "<group>"; };
		28000DF22CCFC5B000F938DC /* UsefulAppStarkUITests */ = {isa = PBXFileSystemSynchronizedRootGroup; explicitFileTypes = {}; explicitFolders = (); path = UsefulAppStarkUITests; sourceTree = "<group>"; };
/* End PBXFileSystemSynchronizedRootGroup section */

/* Begin PBXFrameworksBuildPhase section */
		28000DC92CCFC5AE00F938DC /* Frameworks */ = {
			isa = PBXFrameworksBuildPhase;
			buildActionMask = 2147483647;
			files = (
			);
			runOnlyForDeploymentPostprocessing = 0;
		};
		28000DE22CCFC5B000F938DC /* Frameworks */ = {
			isa = PBXFrameworksBuildPhase;
			buildActionMask = 2147483647;
			files = (
			);
			runOnlyForDeploymentPostprocessing = 0;
		};
		28000DEC2CCFC5B000F938DC /* Frameworks */ = {
			isa = PBXFrameworksBuildPhase;
			buildActionMask = 2147483647;
			files = (
			);
			runOnlyForDeploymentPostprocessing = 0;
		};
/* End PBXFrameworksBuildPhase section */

/* Begin PBXGroup section */
		28000DC32CCFC5AE00F938DC = {
			isa = PBXGroup;
			children = (
				28000DCE2CCFC5AE00F938DC /* UsefulAppStark */,
				28000DE82CCFC5B000F938DC /* UsefulAppStarkTests */,
				28000DF22CCFC5B000F938DC /* UsefulAppStarkUITests */,
				28000DCD2CCFC5AE00F938DC /* Products */,
			);
			sourceTree = "<group>";
		};
		28000DCD2CCFC5AE00F938DC /* Products */ = {
			isa = PBXGroup;
			children = (
				28000DCC2CCFC5AE00F938DC /* UsefulAppStark.app */,
				28000DE52CCFC5B000F938DC /* UsefulAppStarkTests.xctest */,
				28000DEF2CCFC5B000F938DC /* UsefulAppStarkUITests.xctest */,
			);
			name = Products;
			sourceTree = "<group>";
		};
/* End PBXGroup section */

/* Begin PBXNativeTarget section */
		28000DCB2CCFC5AE00F938DC /* UsefulAppStark */ = {
			isa = PBXNativeTarget;
			buildConfigurationList = 28000DF82CCFC5B000F938DC /* Build configuration list for PBXNativeTarget "UsefulAppStark" */;
			buildPhases = (
				28000DC82CCFC5AE00F938DC /* Sources */,
				28000DC92CCFC5AE00F938DC /* Frameworks */,
				28000DCA2CCFC5AE00F938DC /* Resources */,
			);
			buildRules = (
			);
			dependencies = (
			);
			fileSystemSynchronizedGroups = (
				28000DCE2CCFC5AE00F938DC /* UsefulAppStark */,
			);
			name = UsefulAppStark;
			packageProductDependencies = (
			);
			productName = UsefulAppStark;
			productReference = 28000DCC2CCFC5AE00F938DC /* UsefulAppStark.app */;
			productType = "com.apple.product-type.application";
		};
		28000DE42CCFC5B000F938DC /* UsefulAppStarkTests */ = {
			isa = PBXNativeTarget;
			buildConfigurationList = 28000DFD2CCFC5B000F938DC /* Build configuration list for PBXNativeTarget "UsefulAppStarkTests" */;
			buildPhases = (
				28000DE12CCFC5B000F938DC /* Sources */,
				28000DE22CCFC5B000F938DC /* Frameworks */,
				28000DE32CCFC5B000F938DC /* Resources */,
			);
			buildRules = (
			);
			dependencies = (
				28000DE72CCFC5B000F938DC /* PBXTargetDependency */,
			);
			fileSystemSynchronizedGroups = (
				28000DE82CCFC5B000F938DC /* UsefulAppStarkTests */,
			);
			name = UsefulAppStarkTests;
			packageProductDependencies = (
			);
			productName = UsefulAppStarkTests;
			productReference = 28000DE52CCFC5B000F938DC /* UsefulAppStarkTests.xctest */;
			productType = "com.apple.product-type.bundle.unit-test";
		};
		28000DEE2CCFC5B000F938DC /* UsefulAppStarkUITests */ = {
			isa = PBXNativeTarget;
			buildConfigurationList = 28000E002CCFC5B000F938DC /* Build configuration list for PBXNativeTarget "UsefulAppStarkUITests" */;
			buildPhases = (
				28000DEB2CCFC5B000F938DC /* Sources */,
				28000DEC2CCFC5B000F938DC /* Frameworks */,
				28000DED2CCFC5B000F938DC /* Resources */,
			);
			buildRules = (
			);
			dependencies = (
				28000DF12CCFC5B000F938DC /* PBXTargetDependency */,
			);
			fileSystemSynchronizedGroups = (
				28000DF22CCFC5B000F938DC /* UsefulAppStarkUITests */,
			);
			name = UsefulAppStarkUITests;
			packageProductDependencies = (
			);
			productName = UsefulAppStarkUITests;
			productReference = 28000DEF2CCFC5B000F938DC /* UsefulAppStarkUITests.xctest */;
			productType = "com.apple.product-type.bundle.ui-testing";
		};
/* End PBXNativeTarget section */

/* Begin PBXProject section */
		28000DC42CCFC5AE00F938DC /* Project object */ = {
			isa = PBXProject;
			attributes = {
				BuildIndependentTargetsInParallel = 1;
				LastSwiftUpdateCheck = 1600;
				LastUpgradeCheck = 1600;
				TargetAttributes = {
					28000DCB2CCFC5AE00F938DC = {
						CreatedOnToolsVersion = 16.0;
					};
					28000DE42CCFC5B000F938DC = {
						CreatedOnToolsVersion = 16.0;
						TestTargetID = 28000DCB2CCFC5AE00F938DC;
					};
					28000DEE2CCFC5B000F938DC = {
						CreatedOnToolsVersion = 16.0;
						TestTargetID = 28000DCB2CCFC5AE00F938DC;
					};
				};
			};
			buildConfigurationList = 28000DC72CCFC5AE00F938DC /* Build configuration list for PBXProject "UsefulAppStark" */;
			compatibilityVersion = "Xcode 15.0";
			developmentRegion = en;
			hasScannedForEncodings = 0;
			knownRegions = (
				en,
				Base,
			);
			mainGroup = 28000DC32CCFC5AE00F938DC;
			minimizedProjectReferenceProxies = 1;
			productRefGroup = 28000DCD2CCFC5AE00F938DC /* Products */;
			projectDirPath = "";
			projectRoot = "";
			targets = (
				28000DCB2CCFC5AE00F938DC /* UsefulAppStark */,
				28000DE42CCFC5B000F938DC /* UsefulAppStarkTests */,
				28000DEE2CCFC5B000F938DC /* UsefulAppStarkUITests */,
			);
		};
/* End PBXProject section */

/* Begin PBXResourcesBuildPhase section */
		28000DCA2CCFC5AE00F938DC /* Resources */ = {
			isa = PBXResourcesBuildPhase;
			buildActionMask = 2147483647;
			files = (
			);
			runOnlyForDeploymentPostprocessing = 0;
		};
		28000DE32CCFC5B000F938DC /* Resources */ = {
			isa = PBXResourcesBuildPhase;
			buildActionMask = 2147483647;
			files = (
			);
			runOnlyForDeploymentPostprocessing = 0;
		};
		28000DED2CCFC5B000F938DC /* Resources */ = {
			isa = PBXResourcesBuildPhase;
			buildActionMask = 2147483647;
			files = (
			);
			runOnlyForDeploymentPostprocessing = 0;
		};
/* End PBXResourcesBuildPhase section */

/* Begin PBXSourcesBuildPhase section */
		28000DC82CCFC5AE00F938DC /* Sources */ = {
			isa = PBXSourcesBuildPhase;
			buildActionMask = 2147483647;
			files = (
			);
			runOnlyForDeploymentPostprocessing = 0;
		};
		28000DE12CCFC5B000F938DC /* Sources */ = {
			isa = PBXSourcesBuildPhase;
			buildActionMask = 2147483647;
			files = (
			);
			runOnlyForDeploymentPostprocessing = 0;
		};
		28000DEB2CCFC5B000F938DC /* Sources */ = {
			isa = PBXSourcesBuildPhase;
			buildActionMask = 2147483647;
			files = (
			);
			runOnlyForDeploymentPostprocessing = 0;
		};
/* End PBXSourcesBuildPhase section */

/* Begin PBXTargetDependency section */
		28000DE72CCFC5B000F938DC /* PBXTargetDependency */ = {
			isa = PBXTargetDependency;
			target = 28000DCB2CCFC5AE00F938DC /* UsefulAppStark */;
			targetProxy = 28000DE62CCFC5B000F938DC /* PBXContainerItemProxy */;
		};
		28000DF12CCFC5B000F938DC /* PBXTargetDependency */ = {
			isa = PBXTargetDependency;
			target = 28000DCB2CCFC5AE00F938DC /* UsefulAppStark */;
			targetProxy = 28000DF02CCFC5B000F938DC /* PBXContainerItemProxy */;
		};
/* End PBXTargetDependency section */

/* Begin XCBuildConfiguration section */
		28000DF92CCFC5B000F938DC /* Debug */ = {
			isa = XCBuildConfiguration;
			buildSettings = {
				ASSETCATALOG_COMPILER_APPICON_NAME = AppIcon;
				ASSETCATALOG_COMPILER_GLOBAL_ACCENT_COLOR_NAME = AccentColor;
				CODE_SIGN_STYLE = Automatic;
				CURRENT_PROJECT_VERSION = 1;
				DEVELOPMENT_TEAM = TLM7AGR4U4;
				GENERATE_INFOPLIST_FILE = YES;
				INFOPLIST_FILE = UsefulAppStark/Info.plist;
				INFOPLIST_KEY_UIApplicationSupportsIndirectInputEvents = YES;
				INFOPLIST_KEY_UILaunchStoryboardName = LaunchScreen;
				INFOPLIST_KEY_UIMainStoryboardFile = Main;
				INFOPLIST_KEY_UISupportedInterfaceOrientations_iPad = "UIInterfaceOrientationPortrait UIInterfaceOrientationPortraitUpsideDown UIInterfaceOrientationLandscapeLeft UIInterfaceOrientationLandscapeRight";
				INFOPLIST_KEY_UISupportedInterfaceOrientations_iPhone = "UIInterfaceOrientationPortrait UIInterfaceOrientationLandscapeLeft UIInterfaceOrientationLandscapeRight";
				IPHONEOS_DEPLOYMENT_TARGET = 15.6;
				LD_RUNPATH_SEARCH_PATHS = (
					"$(inherited)",
					"@executable_path/Frameworks",
				);
				MARKETING_VERSION = 1.0;
				PRODUCT_BUNDLE_IDENTIFIER = CLC.UsefulAppStark;
				PRODUCT_NAME = "$(TARGET_NAME)";
				SWIFT_EMIT_LOC_STRINGS = YES;
				SWIFT_VERSION = 5.0;
				TARGETED_DEVICE_FAMILY = "1,2";
			};
			name = Debug;
		};
		28000DFA2CCFC5B000F938DC /* Release */ = {
			isa = XCBuildConfiguration;
			buildSettings = {
				ASSETCATALOG_COMPILER_APPICON_NAME = AppIcon;
				ASSETCATALOG_COMPILER_GLOBAL_ACCENT_COLOR_NAME = AccentColor;
				CODE_SIGN_STYLE = Automatic;
				CURRENT_PROJECT_VERSION = 1;
				DEVELOPMENT_TEAM = TLM7AGR4U4;
				GENERATE_INFOPLIST_FILE = YES;
				INFOPLIST_FILE = UsefulAppStark/Info.plist;
				INFOPLIST_KEY_UIApplicationSupportsIndirectInputEvents = YES;
				INFOPLIST_KEY_UILaunchStoryboardName = LaunchScreen;
				INFOPLIST_KEY_UIMainStoryboardFile = Main;
				INFOPLIST_KEY_UISupportedInterfaceOrientations_iPad = "UIInterfaceOrientationPortrait UIInterfaceOrientationPortraitUpsideDown UIInterfaceOrientationLandscapeLeft UIInterfaceOrientationLandscapeRight";
				INFOPLIST_KEY_UISupportedInterfaceOrientations_iPhone = "UIInterfaceOrientationPortrait UIInterfaceOrientationLandscapeLeft UIInterfaceOrientationLandscapeRight";
				IPHONEOS_DEPLOYMENT_TARGET = 15.6;
				LD_RUNPATH_SEARCH_PATHS = (
					"$(inherited)",
					"@executable_path/Frameworks",
				);
				MARKETING_VERSION = 1.0;
				PRODUCT_BUNDLE_IDENTIFIER = CLC.UsefulAppStark;
				PRODUCT_NAME = "$(TARGET_NAME)";
				SWIFT_EMIT_LOC_STRINGS = YES;
				SWIFT_VERSION = 5.0;
				TARGETED_DEVICE_FAMILY = "1,2";
			};
			name = Release;
		};
		28000DFB2CCFC5B000F938DC /* Debug */ = {
			isa = XCBuildConfiguration;
			buildSettings = {
				ALWAYS_SEARCH_USER_PATHS = NO;
				ASSETCATALOG_COMPILER_GENERATE_SWIFT_ASSET_SYMBOL_EXTENSIONS = YES;
				CLANG_ANALYZER_NONNULL = YES;
				CLANG_ANALYZER_NUMBER_OBJECT_CONVERSION = YES_AGGRESSIVE;
				CLANG_CXX_LANGUAGE_STANDARD = "gnu++20";
				CLANG_ENABLE_MODULES = YES;
				CLANG_ENABLE_OBJC_ARC = YES;
				CLANG_ENABLE_OBJC_WEAK = YES;
				CLANG_WARN_BLOCK_CAPTURE_AUTORELEASING = YES;
				CLANG_WARN_BOOL_CONVERSION = YES;
				CLANG_WARN_COMMA = YES;
				CLANG_WARN_CONSTANT_CONVERSION = YES;
				CLANG_WARN_DEPRECATED_OBJC_IMPLEMENTATIONS = YES;
				CLANG_WARN_DIRECT_OBJC_ISA_USAGE = YES_ERROR;
				CLANG_WARN_DOCUMENTATION_COMMENTS = YES;
				CLANG_WARN_EMPTY_BODY = YES;
				CLANG_WARN_ENUM_CONVERSION = YES;
				CLANG_WARN_INFINITE_RECURSION = YES;
				CLANG_WARN_INT_CONVERSION = YES;
				CLANG_WARN_NON_LITERAL_NULL_CONVERSION = YES;
				CLANG_WARN_OBJC_IMPLICIT_RETAIN_SELF = YES;
				CLANG_WARN_OBJC_LITERAL_CONVERSION = YES;
				CLANG_WARN_OBJC_ROOT_CLASS = YES_ERROR;
				CLANG_WARN_QUOTED_INCLUDE_IN_FRAMEWORK_HEADER = YES;
				CLANG_WARN_RANGE_LOOP_ANALYSIS = YES;
				CLANG_WARN_STRICT_PROTOTYPES = YES;
				CLANG_WARN_SUSPICIOUS_MOVE = YES;
				CLANG_WARN_UNGUARDED_AVAILABILITY = YES_AGGRESSIVE;
				CLANG_WARN_UNREACHABLE_CODE = YES;
				CLANG_WARN__DUPLICATE_METHOD_MATCH = YES;
				COPY_PHASE_STRIP = NO;
				DEBUG_INFORMATION_FORMAT = dwarf;
				ENABLE_STRICT_OBJC_MSGSEND = YES;
				ENABLE_TESTABILITY = YES;
				ENABLE_USER_SCRIPT_SANDBOXING = YES;
				GCC_C_LANGUAGE_STANDARD = gnu17;
				GCC_DYNAMIC_NO_PIC = NO;
				GCC_NO_COMMON_BLOCKS = YES;
				GCC_OPTIMIZATION_LEVEL = 0;
				GCC_PREPROCESSOR_DEFINITIONS = (
					"DEBUG=1",
					"$(inherited)",
				);
				GCC_WARN_64_TO_32_BIT_CONVERSION = YES;
				GCC_WARN_ABOUT_RETURN_TYPE = YES_ERROR;
				GCC_WARN_UNDECLARED_SELECTOR = YES;
				GCC_WARN_UNINITIALIZED_AUTOS = YES_AGGRESSIVE;
				GCC_WARN_UNUSED_FUNCTION = YES;
				GCC_WARN_UNUSED_VARIABLE = YES;
				IPHONEOS_DEPLOYMENT_TARGET = 18.0;
				LOCALIZATION_PREFERS_STRING_CATALOGS = YES;
				MTL_ENABLE_DEBUG_INFO = INCLUDE_SOURCE;
				MTL_FAST_MATH = YES;
				ONLY_ACTIVE_ARCH = YES;
				SDKROOT = iphoneos;
				SWIFT_ACTIVE_COMPILATION_CONDITIONS = "DEBUG $(inherited)";
				SWIFT_OPTIMIZATION_LEVEL = "-Onone";
			};
			name = Debug;
		};
		28000DFC2CCFC5B000F938DC /* Release */ = {
			isa = XCBuildConfiguration;
			buildSettings = {
				ALWAYS_SEARCH_USER_PATHS = NO;
				ASSETCATALOG_COMPILER_GENERATE_SWIFT_ASSET_SYMBOL_EXTENSIONS = YES;
				CLANG_ANALYZER_NONNULL = YES;
				CLANG_ANALYZER_NUMBER_OBJECT_CONVERSION = YES_AGGRESSIVE;
				CLANG_CXX_LANGUAGE_STANDARD = "gnu++20";
				CLANG_ENABLE_MODULES = YES;
				CLANG_ENABLE_OBJC_ARC = YES;
				CLANG_ENABLE_OBJC_WEAK = YES;
				CLANG_WARN_BLOCK_CAPTURE_AUTORELEASING = YES;
				CLANG_WARN_BOOL_CONVERSION = YES;
				CLANG_WARN_COMMA = YES;
				CLANG_WARN_CONSTANT_CONVERSION = YES;
				CLANG_WARN_DEPRECATED_OBJC_IMPLEMENTATIONS = YES;
				CLANG_WARN_DIRECT_OBJC_ISA_USAGE = YES_ERROR;
				CLANG_WARN_DOCUMENTATION_COMMENTS = YES;
				CLANG_WARN_EMPTY_BODY = YES;
				CLANG_WARN_ENUM_CONVERSION = YES;
				CLANG_WARN_INFINITE_RECURSION = YES;
				CLANG_WARN_INT_CONVERSION = YES;
				CLANG_WARN_NON_LITERAL_NULL_CONVERSION = YES;
				CLANG_WARN_OBJC_IMPLICIT_RETAIN_SELF = YES;
				CLANG_WARN_OBJC_LITERAL_CONVERSION = YES;
				CLANG_WARN_OBJC_ROOT_CLASS = YES_ERROR;
				CLANG_WARN_QUOTED_INCLUDE_IN_FRAMEWORK_HEADER = YES;
				CLANG_WARN_RANGE_LOOP_ANALYSIS = YES;
				CLANG_WARN_STRICT_PROTOTYPES = YES;
				CLANG_WARN_SUSPICIOUS_MOVE = YES;
				CLANG_WARN_UNGUARDED_AVAILABILITY = YES_AGGRESSIVE;
				CLANG_WARN_UNREACHABLE_CODE = YES;
				CLANG_WARN__DUPLICATE_METHOD_MATCH = YES;
				COPY_PHASE_STRIP = NO;
				DEBUG_INFORMATION_FORMAT = "dwarf-with-dsym";
				ENABLE_NS_ASSERTIONS = NO;
				ENABLE_STRICT_OBJC_MSGSEND = YES;
				ENABLE_USER_SCRIPT_SANDBOXING = YES;
				GCC_C_LANGUAGE_STANDARD = gnu17;
				GCC_NO_COMMON_BLOCKS = YES;
				GCC_WARN_64_TO_32_BIT_CONVERSION = YES;
				GCC_WARN_ABOUT_RETURN_TYPE = YES_ERROR;
				GCC_WARN_UNDECLARED_SELECTOR = YES;
				GCC_WARN_UNINITIALIZED_AUTOS = YES_AGGRESSIVE;
				GCC_WARN_UNUSED_FUNCTION = YES;
				GCC_WARN_UNUSED_VARIABLE = YES;
				IPHONEOS_DEPLOYMENT_TARGET = 18.0;
				LOCALIZATION_PREFERS_STRING_CATALOGS = YES;
				MTL_ENABLE_DEBUG_INFO = NO;
				MTL_FAST_MATH = YES;
				SDKROOT = iphoneos;
				SWIFT_COMPILATION_MODE = wholemodule;
				VALIDATE_PRODUCT = YES;
			};
			name = Release;
		};
		28000DFE2CCFC5B000F938DC /* Debug */ = {
			isa = XCBuildConfiguration;
			buildSettings = {
				BUNDLE_LOADER = "$(TEST_HOST)";
				CODE_SIGN_STYLE = Automatic;
				CURRENT_PROJECT_VERSION = 1;
				DEVELOPMENT_TEAM = TLM7AGR4U4;
				GENERATE_INFOPLIST_FILE = YES;
				IPHONEOS_DEPLOYMENT_TARGET = 18.0;
				MARKETING_VERSION = 1.0;
				PRODUCT_BUNDLE_IDENTIFIER = CLC.UsefulAppStarkTests;
				PRODUCT_NAME = "$(TARGET_NAME)";
				SWIFT_EMIT_LOC_STRINGS = NO;
				SWIFT_VERSION = 5.0;
				TARGETED_DEVICE_FAMILY = "1,2";
				TEST_HOST = "$(BUILT_PRODUCTS_DIR)/UsefulAppStark.app/$(BUNDLE_EXECUTABLE_FOLDER_PATH)/UsefulAppStark";
			};
			name = Debug;
		};
		28000DFF2CCFC5B000F938DC /* Release */ = {
			isa = XCBuildConfiguration;
			buildSettings = {
				BUNDLE_LOADER = "$(TEST_HOST)";
				CODE_SIGN_STYLE = Automatic;
				CURRENT_PROJECT_VERSION = 1;
				DEVELOPMENT_TEAM = TLM7AGR4U4;
				GENERATE_INFOPLIST_FILE = YES;
				IPHONEOS_DEPLOYMENT_TARGET = 18.0;
				MARKETING_VERSION = 1.0;
				PRODUCT_BUNDLE_IDENTIFIER = CLC.UsefulAppStarkTests;
				PRODUCT_NAME = "$(TARGET_NAME)";
				SWIFT_EMIT_LOC_STRINGS = NO;
				SWIFT_VERSION = 5.0;
				TARGETED_DEVICE_FAMILY = "1,2";
				TEST_HOST = "$(BUILT_PRODUCTS_DIR)/UsefulAppStark.app/$(BUNDLE_EXECUTABLE_FOLDER_PATH)/UsefulAppStark";
			};
			name = Release;
		};
		28000E012CCFC5B000F938DC /* Debug */ = {
			isa = XCBuildConfiguration;
			buildSettings = {
				CODE_SIGN_STYLE = Automatic;
				CURRENT_PROJECT_VERSION = 1;
				DEVELOPMENT_TEAM = TLM7AGR4U4;
				GENERATE_INFOPLIST_FILE = YES;
				MARKETING_VERSION = 1.0;
				PRODUCT_BUNDLE_IDENTIFIER = CLC.UsefulAppStarkUITests;
				PRODUCT_NAME = "$(TARGET_NAME)";
				SWIFT_EMIT_LOC_STRINGS = NO;
				SWIFT_VERSION = 5.0;
				TARGETED_DEVICE_FAMILY = "1,2";
				TEST_TARGET_NAME = UsefulAppStark;
			};
			name = Debug;
		};
		28000E022CCFC5B000F938DC /* Release */ = {
			isa = XCBuildConfiguration;
			buildSettings = {
				CODE_SIGN_STYLE = Automatic;
				CURRENT_PROJECT_VERSION = 1;
				DEVELOPMENT_TEAM = TLM7AGR4U4;
				GENERATE_INFOPLIST_FILE = YES;
				MARKETING_VERSION = 1.0;
				PRODUCT_BUNDLE_IDENTIFIER = CLC.UsefulAppStarkUITests;
				PRODUCT_NAME = "$(TARGET_NAME)";
				SWIFT_EMIT_LOC_STRINGS = NO;
				SWIFT_VERSION = 5.0;
				TARGETED_DEVICE_FAMILY = "1,2";
				TEST_TARGET_NAME = UsefulAppStark;
			};
			name = Release;
		};
/* End XCBuildConfiguration section */

/* Begin XCConfigurationList section */
		28000DC72CCFC5AE00F938DC /* Build configuration list for PBXProject "UsefulAppStark" */ = {
			isa = XCConfigurationList;
			buildConfigurations = (
				28000DFB2CCFC5B000F938DC /* Debug */,
				28000DFC2CCFC5B000F938DC /* Release */,
			);
			defaultConfigurationIsVisible = 0;
			defaultConfigurationName = Release;
		};
		28000DF82CCFC5B000F938DC /* Build configuration list for PBXNativeTarget "UsefulAppStark" */ = {
			isa = XCConfigurationList;
			buildConfigurations = (
				28000DF92CCFC5B000F938DC /* Debug */,
				28000DFA2CCFC5B000F938DC /* Release */,
			);
			defaultConfigurationIsVisible = 0;
			defaultConfigurationName = Release;
		};
		28000DFD2CCFC5B000F938DC /* Build configuration list for PBXNativeTarget "UsefulAppStarkTests" */ = {
			isa = XCConfigurationList;
			buildConfigurations = (
				28000DFE2CCFC5B000F938DC /* Debug */,
				28000DFF2CCFC5B000F938DC /* Release */,
			);
			defaultConfigurationIsVisible = 0;
			defaultConfigurationName = Release;
		};
		28000E002CCFC5B000F938DC /* Build configuration list for PBXNativeTarget "UsefulAppStarkUITests" */ = {
			isa = XCConfigurationList;
			buildConfigurations = (
				28000E012CCFC5B000F938DC /* Debug */,
				28000E022CCFC5B000F938DC /* Release */,
			);
			defaultConfigurationIsVisible = 0;
			defaultConfigurationName = Release;
		};
/* End XCConfigurationList section */
	};
	rootObject = 28000DC42CCFC5AE00F938DC /* Project object */;
}
